// !$*UTF8*$!
{
	archiveVersion = 1;
	classes = {
	};
	objectVersion = 46;
	objects = {

/* Begin PBXBuildFile section */
		5B04C0281E304AAA00CFD58A /* CardManager.swift in Sources */ = {isa = PBXBuildFile; fileRef = 5B04C0271E304AAA00CFD58A /* CardManager.swift */; };
		5B06D8CC1E4EA68700059C92 /* GoldStar.png in Resources */ = {isa = PBXBuildFile; fileRef = 5B06D8CA1E4EA68700059C92 /* GoldStar.png */; };
		5B06D8CD1E4EA68700059C92 /* GreyStar.png in Resources */ = {isa = PBXBuildFile; fileRef = 5B06D8CB1E4EA68700059C92 /* GreyStar.png */; };
		5B20D1BB1E56174C00469996 /* PeekAndPop.swift in Sources */ = {isa = PBXBuildFile; fileRef = 5B20D1BA1E56174C00469996 /* PeekAndPop.swift */; };
		5B37F2831E2C6EB4007442B2 /* SearchManager.swift in Sources */ = {isa = PBXBuildFile; fileRef = 5B37F2821E2C6EB4007442B2 /* SearchManager.swift */; };
		5B67281E1E4CE4AB00F35639 /* PreviewVC.swift in Sources */ = {isa = PBXBuildFile; fileRef = 5B67281D1E4CE4AB00F35639 /* PreviewVC.swift */; };
		5B8811841E292A1B00647253 /* CardModel.swift in Sources */ = {isa = PBXBuildFile; fileRef = 5B8811831E292A1B00647253 /* CardModel.swift */; };
		5B8811861E292E4B00647253 /* Parser.swift in Sources */ = {isa = PBXBuildFile; fileRef = 5B8811851E292E4B00647253 /* Parser.swift */; };
		5B88BA6B1E511C64004EE9A5 /* DetailBorder.swift in Sources */ = {isa = PBXBuildFile; fileRef = 5B88BA6A1E511C64004EE9A5 /* DetailBorder.swift */; };
		5BA8AAAB1E2D756700B895B5 /* CardSorter.swift in Sources */ = {isa = PBXBuildFile; fileRef = 5BA8AAAA1E2D756700B895B5 /* CardSorter.swift */; };
		5BA8AAAD1E2D7E4C00B895B5 /* CardDetailViewController.swift in Sources */ = {isa = PBXBuildFile; fileRef = 5BA8AAAC1E2D7E4C00B895B5 /* CardDetailViewController.swift */; };
		5BD1DDF31E29B81B00D52C8B /* 8.png in Resources */ = {isa = PBXBuildFile; fileRef = 5BD1DDF21E29B81B00D52C8B /* 8.png */; };
		5BD32DE81E314E4000A1E070 /* ConfigSearchVC.swift in Sources */ = {isa = PBXBuildFile; fileRef = 5BD32DE71E314E4000A1E070 /* ConfigSearchVC.swift */; };
		5BDE0B0B1E5285C300B71286 /* CardIllustration.swift in Sources */ = {isa = PBXBuildFile; fileRef = 5BDE0B0A1E5285C300B71286 /* CardIllustration.swift */; };
		5BDE0B0D1E52A6CF00B71286 /* TypesAndKinds.swift in Sources */ = {isa = PBXBuildFile; fileRef = 5BDE0B0C1E52A6CF00B71286 /* TypesAndKinds.swift */; };
		5BE17E621E53ECB40062DD81 /* ImageStore.swift in Sources */ = {isa = PBXBuildFile; fileRef = 5BE17E611E53ECB40062DD81 /* ImageStore.swift */; };
		5BE7C9B61E3FEC0A00775DBD /* SearchCollectionViewDatasource.swift in Sources */ = {isa = PBXBuildFile; fileRef = 5BE7C9B51E3FEC0A00775DBD /* SearchCollectionViewDatasource.swift */; };
		5BE7C9B81E3FF05900775DBD /* SearchCollectionFlowDelegate.swift in Sources */ = {isa = PBXBuildFile; fileRef = 5BE7C9B71E3FF05900775DBD /* SearchCollectionFlowDelegate.swift */; };
		5BEB60FC1E341991009A81EB /* NetworkServices.swift in Sources */ = {isa = PBXBuildFile; fileRef = 5BEB60FB1E341991009A81EB /* NetworkServices.swift */; };
		5BF07CE41E44120500C11C6D /* Sets.swift in Sources */ = {isa = PBXBuildFile; fileRef = 5BF07CE31E44120500C11C6D /* Sets.swift */; };
		5BF07CE61E44243300C11C6D /* CollectionsTBVC.swift in Sources */ = {isa = PBXBuildFile; fileRef = 5BF07CE51E44243300C11C6D /* CollectionsTBVC.swift */; };
		5BF07CE81E44245A00C11C6D /* SavedCollectionsCVC.swift in Sources */ = {isa = PBXBuildFile; fileRef = 5BF07CE71E44245A00C11C6D /* SavedCollectionsCVC.swift */; };
		5BF07CEB1E44251900C11C6D /* CollectionsTBVCell.swift in Sources */ = {isa = PBXBuildFile; fileRef = 5BF07CEA1E44251900C11C6D /* CollectionsTBVCell.swift */; };
		5BF07CED1E44253700C11C6D /* SavedCollectionsCVCell.swift in Sources */ = {isa = PBXBuildFile; fileRef = 5BF07CEC1E44253700C11C6D /* SavedCollectionsCVCell.swift */; };
		5BF0B1A51E4564E10015C6FD /* CollectionsManager.swift in Sources */ = {isa = PBXBuildFile; fileRef = 5BF0B1A41E4564E10015C6FD /* CollectionsManager.swift */; };
		5BF2665D1E4DC6A50052D474 /* RealmDB.swift in Sources */ = {isa = PBXBuildFile; fileRef = 5BF2665C1E4DC6A50052D474 /* RealmDB.swift */; };
		5BF2665F1E4DDE140052D474 /* Realm.framework in Frameworks */ = {isa = PBXBuildFile; fileRef = 5B6728211E4CF3AC00F35639 /* Realm.framework */; };
		5BF266601E4DDE140052D474 /* Realm.framework in Embed Frameworks */ = {isa = PBXBuildFile; fileRef = 5B6728211E4CF3AC00F35639 /* Realm.framework */; settings = {ATTRIBUTES = (CodeSignOnCopy, RemoveHeadersOnCopy, ); }; };
		5BF266621E4DDE180052D474 /* RealmSwift.framework in Frameworks */ = {isa = PBXBuildFile; fileRef = 5B67281F1E4CF37F00F35639 /* RealmSwift.framework */; };
		5BF266631E4DDE180052D474 /* RealmSwift.framework in Embed Frameworks */ = {isa = PBXBuildFile; fileRef = 5B67281F1E4CF37F00F35639 /* RealmSwift.framework */; settings = {ATTRIBUTES = (CodeSignOnCopy, RemoveHeadersOnCopy, ); }; };
		5BF266651E4E0EF00052D474 /* SavedCardsLayout.swift in Sources */ = {isa = PBXBuildFile; fileRef = 5BF266641E4E0EF00052D474 /* SavedCardsLayout.swift */; };
		5BF266671E4E11F80052D474 /* SavedCardsDataSource.swift in Sources */ = {isa = PBXBuildFile; fileRef = 5BF266661E4E11F80052D474 /* SavedCardsDataSource.swift */; };
		5BFC78921E359085009960B5 /* OptionsPicker.swift in Sources */ = {isa = PBXBuildFile; fileRef = 5BFC78911E359085009960B5 /* OptionsPicker.swift */; };
		5BFC78941E35A0B3009960B5 /* ParameterButton.swift in Sources */ = {isa = PBXBuildFile; fileRef = 5BFC78931E35A0B3009960B5 /* ParameterButton.swift */; };
		5BFC78981E36B09A009960B5 /* ParameteTableViewExtensionCSVC.swift in Sources */ = {isa = PBXBuildFile; fileRef = 5BFC78971E36B09A009960B5 /* ParameteTableViewExtensionCSVC.swift */; };
		5BFE71F51E284AF3003666B5 /* AppDelegate.swift in Sources */ = {isa = PBXBuildFile; fileRef = 5BFE71F41E284AF3003666B5 /* AppDelegate.swift */; };
		5BFE71FA1E284AF3003666B5 /* Main.storyboard in Resources */ = {isa = PBXBuildFile; fileRef = 5BFE71F81E284AF3003666B5 /* Main.storyboard */; };
		5BFE71FC1E284AF3003666B5 /* Assets.xcassets in Resources */ = {isa = PBXBuildFile; fileRef = 5BFE71FB1E284AF3003666B5 /* Assets.xcassets */; };
		5BFE71FF1E284AF3003666B5 /* LaunchScreen.storyboard in Resources */ = {isa = PBXBuildFile; fileRef = 5BFE71FD1E284AF3003666B5 /* LaunchScreen.storyboard */; };
		5BFE72071E284B2A003666B5 /* CardCollectionViewController.swift in Sources */ = {isa = PBXBuildFile; fileRef = 5BFE72061E284B2A003666B5 /* CardCollectionViewController.swift */; };
		5BFE720B1E284BA2003666B5 /* CardCell.swift in Sources */ = {isa = PBXBuildFile; fileRef = 5BFE720A1E284BA2003666B5 /* CardCell.swift */; };
/* End PBXBuildFile section */

/* Begin PBXCopyFilesBuildPhase section */
		5BF266611E4DDE140052D474 /* Embed Frameworks */ = {
			isa = PBXCopyFilesBuildPhase;
			buildActionMask = 2147483647;
			dstPath = "";
			dstSubfolderSpec = 10;
			files = (
				5BF266631E4DDE180052D474 /* RealmSwift.framework in Embed Frameworks */,
				5BF266601E4DDE140052D474 /* Realm.framework in Embed Frameworks */,
			);
			name = "Embed Frameworks";
			runOnlyForDeploymentPostprocessing = 0;
		};
/* End PBXCopyFilesBuildPhase section */

/* Begin PBXFileReference section */
		5B04C0271E304AAA00CFD58A /* CardManager.swift */ = {isa = PBXFileReference; fileEncoding = 4; lastKnownFileType = sourcecode.swift; path = CardManager.swift; sourceTree = "<group>"; };
		5B06D8CA1E4EA68700059C92 /* GoldStar.png */ = {isa = PBXFileReference; lastKnownFileType = image.png; path = GoldStar.png; sourceTree = "<group>"; };
		5B06D8CB1E4EA68700059C92 /* GreyStar.png */ = {isa = PBXFileReference; lastKnownFileType = image.png; path = GreyStar.png; sourceTree = "<group>"; };
		5B20D1BA1E56174C00469996 /* PeekAndPop.swift */ = {isa = PBXFileReference; fileEncoding = 4; lastKnownFileType = sourcecode.swift; path = PeekAndPop.swift; sourceTree = "<group>"; };
		5B37F2821E2C6EB4007442B2 /* SearchManager.swift */ = {isa = PBXFileReference; fileEncoding = 4; lastKnownFileType = sourcecode.swift; path = SearchManager.swift; sourceTree = "<group>"; };
		5B67281D1E4CE4AB00F35639 /* PreviewVC.swift */ = {isa = PBXFileReference; fileEncoding = 4; lastKnownFileType = sourcecode.swift; path = PreviewVC.swift; sourceTree = "<group>"; };
		5B67281F1E4CF37F00F35639 /* RealmSwift.framework */ = {isa = PBXFileReference; lastKnownFileType = wrapper.framework; path = RealmSwift.framework; sourceTree = "<group>"; };
		5B6728211E4CF3AC00F35639 /* Realm.framework */ = {isa = PBXFileReference; lastKnownFileType = wrapper.framework; path = Realm.framework; sourceTree = "<group>"; };
		5B8811831E292A1B00647253 /* CardModel.swift */ = {isa = PBXFileReference; fileEncoding = 4; lastKnownFileType = sourcecode.swift; path = CardModel.swift; sourceTree = "<group>"; };
		5B8811851E292E4B00647253 /* Parser.swift */ = {isa = PBXFileReference; fileEncoding = 4; lastKnownFileType = sourcecode.swift; path = Parser.swift; sourceTree = "<group>"; };
		5B88BA6A1E511C64004EE9A5 /* DetailBorder.swift */ = {isa = PBXFileReference; fileEncoding = 4; lastKnownFileType = sourcecode.swift; path = DetailBorder.swift; sourceTree = "<group>"; };
		5BA8AAAA1E2D756700B895B5 /* CardSorter.swift */ = {isa = PBXFileReference; fileEncoding = 4; lastKnownFileType = sourcecode.swift; path = CardSorter.swift; sourceTree = "<group>"; };
		5BA8AAAC1E2D7E4C00B895B5 /* CardDetailViewController.swift */ = {isa = PBXFileReference; fileEncoding = 4; lastKnownFileType = sourcecode.swift; path = CardDetailViewController.swift; sourceTree = "<group>"; };
		5BD1DDF21E29B81B00D52C8B /* 8.png */ = {isa = PBXFileReference; lastKnownFileType = image.png; path = 8.png; sourceTree = "<group>"; };
		5BD32DE71E314E4000A1E070 /* ConfigSearchVC.swift */ = {isa = PBXFileReference; fileEncoding = 4; lastKnownFileType = sourcecode.swift; path = ConfigSearchVC.swift; sourceTree = "<group>"; };
		5BDE0B0A1E5285C300B71286 /* CardIllustration.swift */ = {isa = PBXFileReference; fileEncoding = 4; lastKnownFileType = sourcecode.swift; path = CardIllustration.swift; sourceTree = "<group>"; };
		5BDE0B0C1E52A6CF00B71286 /* TypesAndKinds.swift */ = {isa = PBXFileReference; fileEncoding = 4; lastKnownFileType = sourcecode.swift; path = TypesAndKinds.swift; sourceTree = "<group>"; };
		5BE17E611E53ECB40062DD81 /* ImageStore.swift */ = {isa = PBXFileReference; fileEncoding = 4; lastKnownFileType = sourcecode.swift; path = ImageStore.swift; sourceTree = "<group>"; };
		5BE7C9B51E3FEC0A00775DBD /* SearchCollectionViewDatasource.swift */ = {isa = PBXFileReference; fileEncoding = 4; lastKnownFileType = sourcecode.swift; path = SearchCollectionViewDatasource.swift; sourceTree = "<group>"; };
		5BE7C9B71E3FF05900775DBD /* SearchCollectionFlowDelegate.swift */ = {isa = PBXFileReference; fileEncoding = 4; lastKnownFileType = sourcecode.swift; path = SearchCollectionFlowDelegate.swift; sourceTree = "<group>"; };
		5BEB60FB1E341991009A81EB /* NetworkServices.swift */ = {isa = PBXFileReference; fileEncoding = 4; lastKnownFileType = sourcecode.swift; path = NetworkServices.swift; sourceTree = "<group>"; };
		5BF07CE31E44120500C11C6D /* Sets.swift */ = {isa = PBXFileReference; fileEncoding = 4; lastKnownFileType = sourcecode.swift; path = Sets.swift; sourceTree = "<group>"; };
		5BF07CE51E44243300C11C6D /* CollectionsTBVC.swift */ = {isa = PBXFileReference; fileEncoding = 4; lastKnownFileType = sourcecode.swift; path = CollectionsTBVC.swift; sourceTree = "<group>"; };
		5BF07CE71E44245A00C11C6D /* SavedCollectionsCVC.swift */ = {isa = PBXFileReference; fileEncoding = 4; lastKnownFileType = sourcecode.swift; path = SavedCollectionsCVC.swift; sourceTree = "<group>"; };
		5BF07CEA1E44251900C11C6D /* CollectionsTBVCell.swift */ = {isa = PBXFileReference; fileEncoding = 4; lastKnownFileType = sourcecode.swift; path = CollectionsTBVCell.swift; sourceTree = "<group>"; };
		5BF07CEC1E44253700C11C6D /* SavedCollectionsCVCell.swift */ = {isa = PBXFileReference; fileEncoding = 4; lastKnownFileType = sourcecode.swift; path = SavedCollectionsCVCell.swift; sourceTree = "<group>"; };
		5BF0B1A41E4564E10015C6FD /* CollectionsManager.swift */ = {isa = PBXFileReference; fileEncoding = 4; lastKnownFileType = sourcecode.swift; path = CollectionsManager.swift; sourceTree = "<group>"; };
		5BF2665C1E4DC6A50052D474 /* RealmDB.swift */ = {isa = PBXFileReference; fileEncoding = 4; lastKnownFileType = sourcecode.swift; path = RealmDB.swift; sourceTree = "<group>"; };
		5BF266641E4E0EF00052D474 /* SavedCardsLayout.swift */ = {isa = PBXFileReference; fileEncoding = 4; lastKnownFileType = sourcecode.swift; path = SavedCardsLayout.swift; sourceTree = "<group>"; };
		5BF266661E4E11F80052D474 /* SavedCardsDataSource.swift */ = {isa = PBXFileReference; fileEncoding = 4; lastKnownFileType = sourcecode.swift; path = SavedCardsDataSource.swift; sourceTree = "<group>"; };
		5BFC78911E359085009960B5 /* OptionsPicker.swift */ = {isa = PBXFileReference; fileEncoding = 4; lastKnownFileType = sourcecode.swift; path = OptionsPicker.swift; sourceTree = "<group>"; };
		5BFC78931E35A0B3009960B5 /* ParameterButton.swift */ = {isa = PBXFileReference; fileEncoding = 4; lastKnownFileType = sourcecode.swift; path = ParameterButton.swift; sourceTree = "<group>"; };
		5BFC78971E36B09A009960B5 /* ParameteTableViewExtensionCSVC.swift */ = {isa = PBXFileReference; fileEncoding = 4; lastKnownFileType = sourcecode.swift; path = ParameteTableViewExtensionCSVC.swift; sourceTree = "<group>"; };
		5BFE71F11E284AF3003666B5 /* CardSearch.app */ = {isa = PBXFileReference; explicitFileType = wrapper.application; includeInIndex = 0; path = CardSearch.app; sourceTree = BUILT_PRODUCTS_DIR; };
		5BFE71F41E284AF3003666B5 /* AppDelegate.swift */ = {isa = PBXFileReference; lastKnownFileType = sourcecode.swift; path = AppDelegate.swift; sourceTree = "<group>"; };
		5BFE71F91E284AF3003666B5 /* Base */ = {isa = PBXFileReference; lastKnownFileType = file.storyboard; name = Base; path = Base.lproj/Main.storyboard; sourceTree = "<group>"; };
		5BFE71FB1E284AF3003666B5 /* Assets.xcassets */ = {isa = PBXFileReference; lastKnownFileType = folder.assetcatalog; path = Assets.xcassets; sourceTree = "<group>"; };
		5BFE71FE1E284AF3003666B5 /* Base */ = {isa = PBXFileReference; lastKnownFileType = file.storyboard; name = Base; path = Base.lproj/LaunchScreen.storyboard; sourceTree = "<group>"; };
		5BFE72001E284AF3003666B5 /* Info.plist */ = {isa = PBXFileReference; lastKnownFileType = text.plist.xml; path = Info.plist; sourceTree = "<group>"; };
		5BFE72061E284B2A003666B5 /* CardCollectionViewController.swift */ = {isa = PBXFileReference; fileEncoding = 4; lastKnownFileType = sourcecode.swift; path = CardCollectionViewController.swift; sourceTree = "<group>"; };
		5BFE720A1E284BA2003666B5 /* CardCell.swift */ = {isa = PBXFileReference; fileEncoding = 4; lastKnownFileType = sourcecode.swift; path = CardCell.swift; sourceTree = "<group>"; };
/* End PBXFileReference section */

/* Begin PBXFrameworksBuildPhase section */
		5BFE71EE1E284AF3003666B5 /* Frameworks */ = {
			isa = PBXFrameworksBuildPhase;
			buildActionMask = 2147483647;
			files = (
				5BF2665F1E4DDE140052D474 /* Realm.framework in Frameworks */,
				5BF266621E4DDE180052D474 /* RealmSwift.framework in Frameworks */,
			);
			runOnlyForDeploymentPostprocessing = 0;
		};
/* End PBXFrameworksBuildPhase section */

/* Begin PBXGroup section */
		5B5C0E3B1E54686C00662983 /* ConfigureSearch */ = {
			isa = PBXGroup;
			children = (
				5BD32DE71E314E4000A1E070 /* ConfigSearchVC.swift */,
				5BFC78971E36B09A009960B5 /* ParameteTableViewExtensionCSVC.swift */,
			);
			name = ConfigureSearch;
			sourceTree = "<group>";
		};
		5B5C0E3C1E54689A00662983 /* DetailAndPreView */ = {
			isa = PBXGroup;
			children = (
				5BA8AAAC1E2D7E4C00B895B5 /* CardDetailViewController.swift */,
				5B67281D1E4CE4AB00F35639 /* PreviewVC.swift */,
			);
			name = DetailAndPreView;
			sourceTree = "<group>";
		};
		5B5C0E3D1E5468C400662983 /* REST */ = {
			isa = PBXGroup;
			children = (
				5B37F2821E2C6EB4007442B2 /* SearchManager.swift */,
				5B8811851E292E4B00647253 /* Parser.swift */,
				5BEB60FB1E341991009A81EB /* NetworkServices.swift */,
			);
			name = REST;
			sourceTree = "<group>";
		};
		5B88BA691E511761004EE9A5 /* Card Data */ = {
			isa = PBXGroup;
			children = (
				5BF07CE31E44120500C11C6D /* Sets.swift */,
				5B8811831E292A1B00647253 /* CardModel.swift */,
				5BDE0B0C1E52A6CF00B71286 /* TypesAndKinds.swift */,
				5BE17E611E53ECB40062DD81 /* ImageStore.swift */,
			);
			name = "Card Data";
			sourceTree = "<group>";
		};
		5BA8AAAE1E2D7E5800B895B5 /* ViewControllers */ = {
			isa = PBXGroup;
			children = (
				5B20D1BA1E56174C00469996 /* PeekAndPop.swift */,
				5B5C0E3C1E54689A00662983 /* DetailAndPreView */,
				5B5C0E3B1E54686C00662983 /* ConfigureSearch */,
				5BD5F2811E4A86880098EB67 /* CollexTable */,
				5BF07CE91E44245D00C11C6D /* SavedCardsCV */,
				5BE7C9B91E3FF68800775DBD /* SearchCollectionView */,
			);
			name = ViewControllers;
			sourceTree = "<group>";
		};
		5BA8AAAF1E2D7E6C00B895B5 /* Models */ = {
			isa = PBXGroup;
			children = (
				5BF0B1A41E4564E10015C6FD /* CollectionsManager.swift */,
				5BFE720A1E284BA2003666B5 /* CardCell.swift */,
				5BF2665C1E4DC6A50052D474 /* RealmDB.swift */,
				5BA8AAAA1E2D756700B895B5 /* CardSorter.swift */,
				5B04C0271E304AAA00CFD58A /* CardManager.swift */,
				5B5C0E3D1E5468C400662983 /* REST */,
				5B88BA691E511761004EE9A5 /* Card Data */,
			);
			name = Models;
			sourceTree = "<group>";
		};
		5BA8AAB01E2D7E9000B895B5 /* Views */ = {
			isa = PBXGroup;
			children = (
				5BDE0B0A1E5285C300B71286 /* CardIllustration.swift */,
				5BFC78931E35A0B3009960B5 /* ParameterButton.swift */,
				5BFC78911E359085009960B5 /* OptionsPicker.swift */,
				5B88BA6A1E511C64004EE9A5 /* DetailBorder.swift */,
			);
			name = Views;
			sourceTree = "<group>";
		};
		5BD5F2811E4A86880098EB67 /* CollexTable */ = {
			isa = PBXGroup;
			children = (
				5BF07CEA1E44251900C11C6D /* CollectionsTBVCell.swift */,
				5BF07CE51E44243300C11C6D /* CollectionsTBVC.swift */,
			);
			name = CollexTable;
			sourceTree = "<group>";
		};
		5BE7C9B91E3FF68800775DBD /* SearchCollectionView */ = {
			isa = PBXGroup;
			children = (
				5BFE72061E284B2A003666B5 /* CardCollectionViewController.swift */,
				5BE7C9B51E3FEC0A00775DBD /* SearchCollectionViewDatasource.swift */,
				5BE7C9B71E3FF05900775DBD /* SearchCollectionFlowDelegate.swift */,
			);
			name = SearchCollectionView;
			sourceTree = "<group>";
		};
		5BF07CE91E44245D00C11C6D /* SavedCardsCV */ = {
			isa = PBXGroup;
			children = (
				5BF07CE71E44245A00C11C6D /* SavedCollectionsCVC.swift */,
				5BF266641E4E0EF00052D474 /* SavedCardsLayout.swift */,
				5BF07CEC1E44253700C11C6D /* SavedCollectionsCVCell.swift */,
				5BF266661E4E11F80052D474 /* SavedCardsDataSource.swift */,
			);
			name = SavedCardsCV;
			sourceTree = "<group>";
		};
		5BFE71E81E284AF3003666B5 = {
			isa = PBXGroup;
			children = (
				5B6728211E4CF3AC00F35639 /* Realm.framework */,
				5B67281F1E4CF37F00F35639 /* RealmSwift.framework */,
				5BFE71F31E284AF3003666B5 /* CardSearch */,
				5BFE71F21E284AF3003666B5 /* Products */,
			);
			sourceTree = "<group>";
		};
		5BFE71F21E284AF3003666B5 /* Products */ = {
			isa = PBXGroup;
			children = (
				5BFE71F11E284AF3003666B5 /* CardSearch.app */,
			);
			name = Products;
			sourceTree = "<group>";
		};
		5BFE71F31E284AF3003666B5 /* CardSearch */ = {
			isa = PBXGroup;
			children = (
				5BFE71F41E284AF3003666B5 /* AppDelegate.swift */,
				5BFE71F81E284AF3003666B5 /* Main.storyboard */,
				5BFE71FB1E284AF3003666B5 /* Assets.xcassets */,
				5B06D8CA1E4EA68700059C92 /* GoldStar.png */,
				5B06D8CB1E4EA68700059C92 /* GreyStar.png */,
				5BD1DDF21E29B81B00D52C8B /* 8.png */,
				5BFE71FD1E284AF3003666B5 /* LaunchScreen.storyboard */,
				5BFE72001E284AF3003666B5 /* Info.plist */,
				5BA8AAB01E2D7E9000B895B5 /* Views */,
				5BA8AAAF1E2D7E6C00B895B5 /* Models */,
				5BA8AAAE1E2D7E5800B895B5 /* ViewControllers */,
			);
			path = CardSearch;
			sourceTree = "<group>";
		};
/* End PBXGroup section */

/* Begin PBXNativeTarget section */
		5BFE71F01E284AF3003666B5 /* CardSearch */ = {
			isa = PBXNativeTarget;
			buildConfigurationList = 5BFE72031E284AF3003666B5 /* Build configuration list for PBXNativeTarget "CardSearch" */;
			buildPhases = (
				5BFE71ED1E284AF3003666B5 /* Sources */,
				5BFE71EE1E284AF3003666B5 /* Frameworks */,
				5BFE71EF1E284AF3003666B5 /* Resources */,
				5BF2665E1E4DDD130052D474 /* Run Script */,
				5BF266611E4DDE140052D474 /* Embed Frameworks */,
			);
			buildRules = (
			);
			dependencies = (
			);
			name = CardSearch;
			productName = CardSearch;
			productReference = 5BFE71F11E284AF3003666B5 /* CardSearch.app */;
			productType = "com.apple.product-type.application";
		};
/* End PBXNativeTarget section */

/* Begin PBXProject section */
		5BFE71E91E284AF3003666B5 /* Project object */ = {
			isa = PBXProject;
			attributes = {
				LastSwiftUpdateCheck = 0800;
				LastUpgradeCheck = 0820;
				ORGANIZATIONNAME = "Reed Carson";
				TargetAttributes = {
					5BFE71F01E284AF3003666B5 = {
						CreatedOnToolsVersion = 8.0;
						DevelopmentTeam = X68KF89T7U;
						ProvisioningStyle = Automatic;
					};
				};
			};
			buildConfigurationList = 5BFE71EC1E284AF3003666B5 /* Build configuration list for PBXProject "CardSearch" */;
			compatibilityVersion = "Xcode 3.2";
			developmentRegion = English;
			hasScannedForEncodings = 0;
			knownRegions = (
				en,
				Base,
			);
			mainGroup = 5BFE71E81E284AF3003666B5;
			productRefGroup = 5BFE71F21E284AF3003666B5 /* Products */;
			projectDirPath = "";
			projectRoot = "";
			targets = (
				5BFE71F01E284AF3003666B5 /* CardSearch */,
			);
		};
/* End PBXProject section */

/* Begin PBXResourcesBuildPhase section */
		5BFE71EF1E284AF3003666B5 /* Resources */ = {
			isa = PBXResourcesBuildPhase;
			buildActionMask = 2147483647;
			files = (
				5BD1DDF31E29B81B00D52C8B /* 8.png in Resources */,
				5BFE71FF1E284AF3003666B5 /* LaunchScreen.storyboard in Resources */,
				5BFE71FC1E284AF3003666B5 /* Assets.xcassets in Resources */,
				5B06D8CC1E4EA68700059C92 /* GoldStar.png in Resources */,
				5B06D8CD1E4EA68700059C92 /* GreyStar.png in Resources */,
				5BFE71FA1E284AF3003666B5 /* Main.storyboard in Resources */,
			);
			runOnlyForDeploymentPostprocessing = 0;
		};
/* End PBXResourcesBuildPhase section */

/* Begin PBXShellScriptBuildPhase section */
		5BF2665E1E4DDD130052D474 /* Run Script */ = {
			isa = PBXShellScriptBuildPhase;
			buildActionMask = 2147483647;
			files = (
			);
			inputPaths = (
			);
			name = "Run Script";
			outputPaths = (
			);
			runOnlyForDeploymentPostprocessing = 0;
			shellPath = /bin/sh;
			shellScript = "
";
		};
/* End PBXShellScriptBuildPhase section */

/* Begin PBXSourcesBuildPhase section */
		5BFE71ED1E284AF3003666B5 /* Sources */ = {
			isa = PBXSourcesBuildPhase;
			buildActionMask = 2147483647;
			files = (
				5BFE72071E284B2A003666B5 /* CardCollectionViewController.swift in Sources */,
				5BF07CE41E44120500C11C6D /* Sets.swift in Sources */,
				5BF07CEB1E44251900C11C6D /* CollectionsTBVCell.swift in Sources */,
				5B20D1BB1E56174C00469996 /* PeekAndPop.swift in Sources */,
				5B37F2831E2C6EB4007442B2 /* SearchManager.swift in Sources */,
				5BF266671E4E11F80052D474 /* SavedCardsDataSource.swift in Sources */,
				5BE7C9B81E3FF05900775DBD /* SearchCollectionFlowDelegate.swift in Sources */,
				5BFC78941E35A0B3009960B5 /* ParameterButton.swift in Sources */,
				5BF07CE81E44245A00C11C6D /* SavedCollectionsCVC.swift in Sources */,
				5BF2665D1E4DC6A50052D474 /* RealmDB.swift in Sources */,
				5B04C0281E304AAA00CFD58A /* CardManager.swift in Sources */,
				5B88BA6B1E511C64004EE9A5 /* DetailBorder.swift in Sources */,
				5B8811861E292E4B00647253 /* Parser.swift in Sources */,
				5BA8AAAD1E2D7E4C00B895B5 /* CardDetailViewController.swift in Sources */,
				5BDE0B0B1E5285C300B71286 /* CardIllustration.swift in Sources */,
				5BE7C9B61E3FEC0A00775DBD /* SearchCollectionViewDatasource.swift in Sources */,
				5BF266651E4E0EF00052D474 /* SavedCardsLayout.swift in Sources */,
				5BFC78921E359085009960B5 /* OptionsPicker.swift in Sources */,
				5BDE0B0D1E52A6CF00B71286 /* TypesAndKinds.swift in Sources */,
				5BEB60FC1E341991009A81EB /* NetworkServices.swift in Sources */,
				5BA8AAAB1E2D756700B895B5 /* CardSorter.swift in Sources */,
				5BFE71F51E284AF3003666B5 /* AppDelegate.swift in Sources */,
				5BF07CED1E44253700C11C6D /* SavedCollectionsCVCell.swift in Sources */,
				5BFE720B1E284BA2003666B5 /* CardCell.swift in Sources */,
				5BE17E621E53ECB40062DD81 /* ImageStore.swift in Sources */,
				5BF0B1A51E4564E10015C6FD /* CollectionsManager.swift in Sources */,
				5BFC78981E36B09A009960B5 /* ParameteTableViewExtensionCSVC.swift in Sources */,
				5B8811841E292A1B00647253 /* CardModel.swift in Sources */,
				5BF07CE61E44243300C11C6D /* CollectionsTBVC.swift in Sources */,
				5BD32DE81E314E4000A1E070 /* ConfigSearchVC.swift in Sources */,
				5B67281E1E4CE4AB00F35639 /* PreviewVC.swift in Sources */,
			);
			runOnlyForDeploymentPostprocessing = 0;
		};
/* End PBXSourcesBuildPhase section */

/* Begin PBXVariantGroup section */
		5BFE71F81E284AF3003666B5 /* Main.storyboard */ = {
			isa = PBXVariantGroup;
			children = (
				5BFE71F91E284AF3003666B5 /* Base */,
			);
			name = Main.storyboard;
			sourceTree = "<group>";
		};
		5BFE71FD1E284AF3003666B5 /* LaunchScreen.storyboard */ = {
			isa = PBXVariantGroup;
			children = (
				5BFE71FE1E284AF3003666B5 /* Base */,
			);
			name = LaunchScreen.storyboard;
			sourceTree = "<group>";
		};
/* End PBXVariantGroup section */

/* Begin XCBuildConfiguration section */
		5BFE72011E284AF3003666B5 /* Debug */ = {
			isa = XCBuildConfiguration;
			buildSettings = {
				ALWAYS_SEARCH_USER_PATHS = NO;
				CLANG_ANALYZER_NONNULL = YES;
				CLANG_CXX_LANGUAGE_STANDARD = "gnu++0x";
				CLANG_CXX_LIBRARY = "libc++";
				CLANG_ENABLE_MODULES = YES;
				CLANG_ENABLE_OBJC_ARC = YES;
				CLANG_WARN_BOOL_CONVERSION = YES;
				CLANG_WARN_CONSTANT_CONVERSION = YES;
				CLANG_WARN_DIRECT_OBJC_ISA_USAGE = YES_ERROR;
				CLANG_WARN_DOCUMENTATION_COMMENTS = YES;
				CLANG_WARN_EMPTY_BODY = YES;
				CLANG_WARN_ENUM_CONVERSION = YES;
				CLANG_WARN_INFINITE_RECURSION = YES;
				CLANG_WARN_INT_CONVERSION = YES;
				CLANG_WARN_OBJC_ROOT_CLASS = YES_ERROR;
				CLANG_WARN_SUSPICIOUS_MOVES = YES;
				CLANG_WARN_UNREACHABLE_CODE = YES;
				CLANG_WARN__DUPLICATE_METHOD_MATCH = YES;
				"CODE_SIGN_IDENTITY[sdk=iphoneos*]" = "iPhone Developer";
				COPY_PHASE_STRIP = NO;
				DEBUG_INFORMATION_FORMAT = dwarf;
				ENABLE_STRICT_OBJC_MSGSEND = YES;
				ENABLE_TESTABILITY = YES;
				GCC_C_LANGUAGE_STANDARD = gnu99;
				GCC_DYNAMIC_NO_PIC = NO;
				GCC_NO_COMMON_BLOCKS = YES;
				GCC_OPTIMIZATION_LEVEL = 0;
				GCC_PREPROCESSOR_DEFINITIONS = (
					"DEBUG=1",
					"$(inherited)",
				);
				GCC_WARN_64_TO_32_BIT_CONVERSION = YES;
				GCC_WARN_ABOUT_RETURN_TYPE = YES_ERROR;
				GCC_WARN_UNDECLARED_SELECTOR = YES;
				GCC_WARN_UNINITIALIZED_AUTOS = YES_AGGRESSIVE;
				GCC_WARN_UNUSED_FUNCTION = YES;
				GCC_WARN_UNUSED_VARIABLE = YES;
				IPHONEOS_DEPLOYMENT_TARGET = 10.0;
				MTL_ENABLE_DEBUG_INFO = YES;
				ONLY_ACTIVE_ARCH = YES;
				SDKROOT = iphoneos;
				SWIFT_ACTIVE_COMPILATION_CONDITIONS = DEBUG;
				SWIFT_OPTIMIZATION_LEVEL = "-Onone";
			};
			name = Debug;
		};
		5BFE72021E284AF3003666B5 /* Release */ = {
			isa = XCBuildConfiguration;
			buildSettings = {
				ALWAYS_SEARCH_USER_PATHS = NO;
				CLANG_ANALYZER_NONNULL = YES;
				CLANG_CXX_LANGUAGE_STANDARD = "gnu++0x";
				CLANG_CXX_LIBRARY = "libc++";
				CLANG_ENABLE_MODULES = YES;
				CLANG_ENABLE_OBJC_ARC = YES;
				CLANG_WARN_BOOL_CONVERSION = YES;
				CLANG_WARN_CONSTANT_CONVERSION = YES;
				CLANG_WARN_DIRECT_OBJC_ISA_USAGE = YES_ERROR;
				CLANG_WARN_DOCUMENTATION_COMMENTS = YES;
				CLANG_WARN_EMPTY_BODY = YES;
				CLANG_WARN_ENUM_CONVERSION = YES;
				CLANG_WARN_INFINITE_RECURSION = YES;
				CLANG_WARN_INT_CONVERSION = YES;
				CLANG_WARN_OBJC_ROOT_CLASS = YES_ERROR;
				CLANG_WARN_SUSPICIOUS_MOVES = YES;
				CLANG_WARN_UNREACHABLE_CODE = YES;
				CLANG_WARN__DUPLICATE_METHOD_MATCH = YES;
				"CODE_SIGN_IDENTITY[sdk=iphoneos*]" = "iPhone Developer";
				COPY_PHASE_STRIP = NO;
				DEBUG_INFORMATION_FORMAT = "dwarf-with-dsym";
				ENABLE_NS_ASSERTIONS = NO;
				ENABLE_STRICT_OBJC_MSGSEND = YES;
				GCC_C_LANGUAGE_STANDARD = gnu99;
				GCC_NO_COMMON_BLOCKS = YES;
				GCC_WARN_64_TO_32_BIT_CONVERSION = YES;
				GCC_WARN_ABOUT_RETURN_TYPE = YES_ERROR;
				GCC_WARN_UNDECLARED_SELECTOR = YES;
				GCC_WARN_UNINITIALIZED_AUTOS = YES_AGGRESSIVE;
				GCC_WARN_UNUSED_FUNCTION = YES;
				GCC_WARN_UNUSED_VARIABLE = YES;
				IPHONEOS_DEPLOYMENT_TARGET = 10.0;
				MTL_ENABLE_DEBUG_INFO = NO;
				SDKROOT = iphoneos;
				SWIFT_OPTIMIZATION_LEVEL = "-Owholemodule";
				VALIDATE_PRODUCT = YES;
			};
			name = Release;
		};
		5BFE72041E284AF3003666B5 /* Debug */ = {
			isa = XCBuildConfiguration;
			buildSettings = {
				ASSETCATALOG_COMPILER_APPICON_NAME = AppIcon;
				DEVELOPMENT_TEAM = X68KF89T7U;
				FRAMEWORK_SEARCH_PATHS = (
					"$(inherited)",
					"$(PROJECT_DIR)",
				);
				INFOPLIST_FILE = CardSearch/Info.plist;
				LD_RUNPATH_SEARCH_PATHS = "$(inherited) @executable_path/Frameworks";
				PRODUCT_BUNDLE_IDENTIFIER = com.rpcarson.CardSearch;
				PRODUCT_NAME = "$(TARGET_NAME)";
				SWIFT_VERSION = 3.0;
			};
			name = Debug;
		};
		5BFE72051E284AF3003666B5 /* Release */ = {
			isa = XCBuildConfiguration;
			buildSettings = {
				ASSETCATALOG_COMPILER_APPICON_NAME = AppIcon;
				DEVELOPMENT_TEAM = X68KF89T7U;
				FRAMEWORK_SEARCH_PATHS = (
					"$(inherited)",
					"$(PROJECT_DIR)",
				);
				INFOPLIST_FILE = CardSearch/Info.plist;
				LD_RUNPATH_SEARCH_PATHS = "$(inherited) @executable_path/Frameworks";
				PRODUCT_BUNDLE_IDENTIFIER = com.rpcarson.CardSearch;
				PRODUCT_NAME = "$(TARGET_NAME)";
				SWIFT_VERSION = 3.0;
			};
			name = Release;
		};
/* End XCBuildConfiguration section */

/* Begin XCConfigurationList section */
		5BFE71EC1E284AF3003666B5 /* Build configuration list for PBXProject "CardSearch" */ = {
			isa = XCConfigurationList;
			buildConfigurations = (
				5BFE72011E284AF3003666B5 /* Debug */,
				5BFE72021E284AF3003666B5 /* Release */,
			);
			defaultConfigurationIsVisible = 0;
			defaultConfigurationName = Release;
		};
		5BFE72031E284AF3003666B5 /* Build configuration list for PBXNativeTarget "CardSearch" */ = {
			isa = XCConfigurationList;
			buildConfigurations = (
				5BFE72041E284AF3003666B5 /* Debug */,
				5BFE72051E284AF3003666B5 /* Release */,
			);
			defaultConfigurationIsVisible = 0;
			defaultConfigurationName = Release;
		};
/* End XCConfigurationList section */
	};
	rootObject = 5BFE71E91E284AF3003666B5 /* Project object */;
}
